
Microsoft Visual Studio Solution File, Format Version 12.00
Project("{FAE04EC0-301F-11D3-BF4B-00C04F79EFBC}") = "Manager", "Manager\Manager.csproj", "{7A73EA6D-1DF5-40B0-8C2A-8408396851CD}"
EndProject
Project("{FAE04EC0-301F-11D3-BF4B-00C04F79EFBC}") = "Manager.Tests", "Manager.Tests\Manager.Tests.csproj", "{EBA54DB9-64D7-4962-975C-2F666264A1B8}"
EndProject
Project("{FAE04EC0-301F-11D3-BF4B-00C04F79EFBC}") = "Desktop", "Desktop\Desktop.csproj", "{6EF432A9-5944-4E8D-B2B0-B47397C0E40F}"
EndProject
Global
	GlobalSection(SolutionConfigurationPlatforms) = preSolution
		Debug|Any CPU = Debug|Any CPU
		Debug|x64 = Debug|x64
		Debug|x86 = Debug|x86
		Release|Any CPU = Release|Any CPU
		Release|x64 = Release|x64
		Release|x86 = Release|x86
	EndGlobalSection
	GlobalSection(ProjectConfigurationPlatforms) = postSolution
		{7A73EA6D-1DF5-40B0-8C2A-8408396851CD}.Debug|Any CPU.ActiveCfg = Debug|Any CPU
		{7A73EA6D-1DF5-40B0-8C2A-8408396851CD}.Debug|Any CPU.Build.0 = Debug|Any CPU
		{7A73EA6D-1DF5-40B0-8C2A-8408396851CD}.Debug|x64.ActiveCfg = Debug|Any CPU
		{7A73EA6D-1DF5-40B0-8C2A-8408396851CD}.Debug|x64.Build.0 = Debug|Any CPU
		{7A73EA6D-1DF5-40B0-8C2A-8408396851CD}.Debug|x86.ActiveCfg = Debug|Any CPU
		{7A73EA6D-1DF5-40B0-8C2A-8408396851CD}.Debug|x86.Build.0 = Debug|Any CPU
		{7A73EA6D-1DF5-40B0-8C2A-8408396851CD}.Release|Any CPU.ActiveCfg = Release|Any CPU
		{7A73EA6D-1DF5-40B0-8C2A-8408396851CD}.Release|Any CPU.Build.0 = Release|Any CPU
		{7A73EA6D-1DF5-40B0-8C2A-8408396851CD}.Release|x64.ActiveCfg = Release|Any CPU
		{7A73EA6D-1DF5-40B0-8C2A-8408396851CD}.Release|x64.Build.0 = Release|Any CPU
		{7A73EA6D-1DF5-40B0-8C2A-8408396851CD}.Release|x86.ActiveCfg = Release|Any CPU
		{7A73EA6D-1DF5-40B0-8C2A-8408396851CD}.Release|x86.Build.0 = Release|Any CPU
		{EBA54DB9-64D7-4962-975C-2F666264A1B8}.Debug|Any CPU.ActiveCfg = Debug|Any CPU
		{EBA54DB9-64D7-4962-975C-2F666264A1B8}.Debug|Any CPU.Build.0 = Debug|Any CPU
		{EBA54DB9-64D7-4962-975C-2F666264A1B8}.Debug|x64.ActiveCfg = Debug|Any CPU
		{EBA54DB9-64D7-4962-975C-2F666264A1B8}.Debug|x64.Build.0 = Debug|Any CPU
		{EBA54DB9-64D7-4962-975C-2F666264A1B8}.Debug|x86.ActiveCfg = Debug|Any CPU
		{EBA54DB9-64D7-4962-975C-2F666264A1B8}.Debug|x86.Build.0 = Debug|Any CPU
		{EBA54DB9-64D7-4962-975C-2F666264A1B8}.Release|Any CPU.ActiveCfg = Release|Any CPU
		{EBA54DB9-64D7-4962-975C-2F666264A1B8}.Release|Any CPU.Build.0 = Release|Any CPU
		{EBA54DB9-64D7-4962-975C-2F666264A1B8}.Release|x64.ActiveCfg = Release|Any CPU
		{EBA54DB9-64D7-4962-975C-2F666264A1B8}.Release|x64.Build.0 = Release|Any CPU
		{EBA54DB9-64D7-4962-975C-2F666264A1B8}.Release|x86.ActiveCfg = Release|Any CPU
		{EBA54DB9-64D7-4962-975C-2F666264A1B8}.Release|x86.Build.0 = Release|Any CPU
		{6EF432A9-5944-4E8D-B2B0-B47397C0E40F}.Debug|Any CPU.ActiveCfg = Debug|Any CPU
		{6EF432A9-5944-4E8D-B2B0-B47397C0E40F}.Debug|Any CPU.Build.0 = Debug|Any CPU
		{6EF432A9-5944-4E8D-B2B0-B47397C0E40F}.Debug|x64.ActiveCfg = Debug|Any CPU
		{6EF432A9-5944-4E8D-B2B0-B47397C0E40F}.Debug|x64.Build.0 = Debug|Any CPU
		{6EF432A9-5944-4E8D-B2B0-B47397C0E40F}.Debug|x86.ActiveCfg = Debug|Any CPU
		{6EF432A9-5944-4E8D-B2B0-B47397C0E40F}.Debug|x86.Build.0 = Debug|Any CPU
		{6EF432A9-5944-4E8D-B2B0-B47397C0E40F}.Release|Any CPU.ActiveCfg = Release|Any CPU
		{6EF432A9-5944-4E8D-B2B0-B47397C0E40F}.Release|Any CPU.Build.0 = Release|Any CPU
		{6EF432A9-5944-4E8D-B2B0-B47397C0E40F}.Release|x64.ActiveCfg = Release|Any CPU
		{6EF432A9-5944-4E8D-B2B0-B47397C0E40F}.Release|x64.Build.0 = Release|Any CPU
		{6EF432A9-5944-4E8D-B2B0-B47397C0E40F}.Release|x86.ActiveCfg = Release|Any CPU
		{6EF432A9-5944-4E8D-B2B0-B47397C0E40F}.Release|x86.Build.0 = Release|Any CPU
	EndGlobalSection
	GlobalSection(SolutionProperties) = preSolution
		HideSolutionNode = FALSE
	EndGlobalSection
EndGlobal
